
Microsoft Visual Studio Solution File, Format Version 12.00
# Visual Studio Version 17
VisualStudioVersion = 17.7.34024.191
MinimumVisualStudioVersion = 10.0.40219.1
Project("{2150E333-8FDC-42A3-9474-1A3956D46DE8}") = "Lesson36", "Lesson36", "{429A18C2-3E4C-4676-A3A2-D9EACF12F003}"
EndProject
Project("{9A19103F-16F7-4668-BE54-9A1E7A4F7556}") = "N36_HandSomeOOP", "N36_HandSomeOOP\N36_HandSomeOOP.csproj", "{22C08309-DDE4-4DF3-94BA-3F83E9864466}"
EndProject
Project("{2150E333-8FDC-42A3-9474-1A3956D46DE8}") = "Lesson37", "Lesson37", "{8A75B2DA-F18D-48F9-AC99-9B8330DE64B4}"
EndProject
Project("{9A19103F-16F7-4668-BE54-9A1E7A4F7556}") = "N37_Record", "N37_Record\N37_Record.csproj", "{14EDF474-DA4B-4B2C-A69F-24BB303831BF}"
EndProject
Project("{2150E333-8FDC-42A3-9474-1A3956D46DE8}") = "Lesson38", "Lesson38", "{65E642AC-9B9F-4148-BB58-13BFEBF9D53E}"
EndProject
Project("{9A19103F-16F7-4668-BE54-9A1E7A4F7556}") = "PharmacyEdition", "PharmacyEdition\PharmacyEdition.csproj", "{990266ED-E198-4E40-93C0-C495F825E64B}"
EndProject
Project("{2150E333-8FDC-42A3-9474-1A3956D46DE8}") = "Lesson39", "Lesson39", "{8C121611-7C5D-40AC-B15D-22ABE75973A3}"
EndProject
Project("{9A19103F-16F7-4668-BE54-9A1E7A4F7556}") = "Lesson39_FakeDate", "Lesson39_FakeDate\Lesson39_FakeDate.csproj", "{4C8B45C4-66DE-4AE4-ACA9-6A34FE834847}"
EndProject
Project("{2150E333-8FDC-42A3-9474-1A3956D46DE8}") = "Lesson40", "Lesson40", "{FDAE6FD8-DB85-44D6-9778-2164E1A6CD9F}"
EndProject
Project("{9A19103F-16F7-4668-BE54-9A1E7A4F7556}") = "Lesson40_ProcessTest", "Lesson39_ProcessTest\Lesson40_ProcessTest.csproj", "{D3798E86-370B-4C79-AF04-B05B4118ABC9}"
EndProject
Project("{9A19103F-16F7-4668-BE54-9A1E7A4F7556}") = "Lesson40_Exeption", "Lesson39_Exeption\Lesson40_Exeption.csproj", "{D8BD9C95-411F-4173-81C2-8F2040F19DFB}"
EndProject
Project("{2150E333-8FDC-42A3-9474-1A3956D46DE8}") = "Lesson41", "Lesson41", "{16F84688-0272-4985-B370-6C33C10C7B3F}"
EndProject
Project("{9A19103F-16F7-4668-BE54-9A1E7A4F7556}") = "Lesson41_Lock", "Lesson41_Lock\Lesson41_Lock.csproj", "{A8B51528-D42B-45A0-A76B-AF8BC87C1CC5}"
EndProject
Project("{2150E333-8FDC-42A3-9474-1A3956D46DE8}") = "Lesson43", "Lesson43", "{2B728AC2-1D65-452B-8E78-8FBFCD15A140}"
EndProject
Project("{9A19103F-16F7-4668-BE54-9A1E7A4F7556}") = "Lesson43_Mutex", "Lesson42_Mutex\Lesson43_Mutex.csproj", "{81B1979D-FC52-4CC2-A2A1-AD7FEEF2E880}"
EndProject
Project("{9A19103F-16F7-4668-BE54-9A1E7A4F7556}") = "Lesson43_Mutex2", "Lesson43_Mutex2\Lesson43_Mutex2.csproj", "{AD1BDEB9-2F81-4C11-847E-9EFE28E1CC24}"
EndProject
Project("{2150E333-8FDC-42A3-9474-1A3956D46DE8}") = "Lesson51", "Lesson51", "{90C8A62E-2591-4CDE-8164-3E296C23A6E3}"
EndProject
Project("{9A19103F-16F7-4668-BE54-9A1E7A4F7556}") = "DependensyInjection", "DependensyInjection\DependensyInjection.csproj", "{822DF797-86E6-4128-8577-B54C5E7028F8}"
EndProject
Project("{2150E333-8FDC-42A3-9474-1A3956D46DE8}") = "Lesson52", "Lesson52", "{D340D64A-C431-465F-B3D9-D4939CC543C6}"
EndProject
Project("{9A19103F-16F7-4668-BE54-9A1E7A4F7556}") = "GenericDelegate", "GenericDelegate\GenericDelegate.csproj", "{C0D5A7F4-BB09-461B-8D85-FEA1928577A9}"
EndProject
Project("{2150E333-8FDC-42A3-9474-1A3956D46DE8}") = "Lesson54", "Lesson54", "{C528E363-B4AC-4985-B70C-D977B4176E21}"
EndProject
Project("{9A19103F-16F7-4668-BE54-9A1E7A4F7556}") = "WorkWithFiles", "WorkWithFiles\WorkWithFiles.csproj", "{DD8F8497-93C9-474D-8118-B157029DD2CB}"
EndProject
Project("{2150E333-8FDC-42A3-9474-1A3956D46DE8}") = "Lesson55", "Lesson55", "{A9933CFA-9C50-42FB-948C-5CBCBAEF6D4B}"
EndProject
Project("{9A19103F-16F7-4668-BE54-9A1E7A4F7556}") = "DirectoryInfo", "DirectoryInfo\DirectoryInfo.csproj", "{5B97AAC1-52C1-4522-8885-98AFA8AD276B}"
EndProject
Project("{2150E333-8FDC-42A3-9474-1A3956D46DE8}") = "Lesson56", "Lesson56", "{AC8A4624-4D25-4408-A4BF-BC3B97724091}"
EndProject
Project("{9A19103F-16F7-4668-BE54-9A1E7A4F7556}") = "FhotoGram", "FhotoGram\FhotoGram.csproj", "{D21A2E00-CA42-4353-8775-47E4B61F632F}"
EndProject
Project("{2150E333-8FDC-42A3-9474-1A3956D46DE8}") = "Lesson57_File.API", "Lesson57_File.API", "{81FD0ACC-20D4-4359-8C6B-321B65700CDE}"
EndProject
Project("{FAE04EC0-301F-11D3-BF4B-00C04F79EFBC}") = "FileExplorer.API", "FileExplorer.API\FileExplorer.API.csproj", "{BE91220D-161F-4393-BD2A-0522A9FFCF65}"
EndProject
Project("{FAE04EC0-301F-11D3-BF4B-00C04F79EFBC}") = "FileExplorer.Appllication", "FileExplorer.Appllication\FileExplorer.Appllication.csproj", "{60051FD6-14C1-42AB-B060-E0B93BA6340F}"
EndProject
Project("{FAE04EC0-301F-11D3-BF4B-00C04F79EFBC}") = "FileExplorer.Infrastructure", "FileExplorer.Infrastructure\FileExplorer.Infrastructure.csproj", "{F98578DD-F794-4BBD-9A24-CD46421EA3F6}"
EndProject
Global
	GlobalSection(SolutionConfigurationPlatforms) = preSolution
		Debug|Any CPU = Debug|Any CPU
		Release|Any CPU = Release|Any CPU
	EndGlobalSection
	GlobalSection(ProjectConfigurationPlatforms) = postSolution
		{22C08309-DDE4-4DF3-94BA-3F83E9864466}.Debug|Any CPU.ActiveCfg = Debug|Any CPU
		{22C08309-DDE4-4DF3-94BA-3F83E9864466}.Debug|Any CPU.Build.0 = Debug|Any CPU
		{22C08309-DDE4-4DF3-94BA-3F83E9864466}.Release|Any CPU.ActiveCfg = Release|Any CPU
		{22C08309-DDE4-4DF3-94BA-3F83E9864466}.Release|Any CPU.Build.0 = Release|Any CPU
		{14EDF474-DA4B-4B2C-A69F-24BB303831BF}.Debug|Any CPU.ActiveCfg = Debug|Any CPU
		{14EDF474-DA4B-4B2C-A69F-24BB303831BF}.Debug|Any CPU.Build.0 = Debug|Any CPU
		{14EDF474-DA4B-4B2C-A69F-24BB303831BF}.Release|Any CPU.ActiveCfg = Release|Any CPU
		{14EDF474-DA4B-4B2C-A69F-24BB303831BF}.Release|Any CPU.Build.0 = Release|Any CPU
		{990266ED-E198-4E40-93C0-C495F825E64B}.Debug|Any CPU.ActiveCfg = Debug|Any CPU
		{990266ED-E198-4E40-93C0-C495F825E64B}.Debug|Any CPU.Build.0 = Debug|Any CPU
		{990266ED-E198-4E40-93C0-C495F825E64B}.Release|Any CPU.ActiveCfg = Release|Any CPU
		{990266ED-E198-4E40-93C0-C495F825E64B}.Release|Any CPU.Build.0 = Release|Any CPU
		{4C8B45C4-66DE-4AE4-ACA9-6A34FE834847}.Debug|Any CPU.ActiveCfg = Debug|Any CPU
		{4C8B45C4-66DE-4AE4-ACA9-6A34FE834847}.Debug|Any CPU.Build.0 = Debug|Any CPU
		{4C8B45C4-66DE-4AE4-ACA9-6A34FE834847}.Release|Any CPU.ActiveCfg = Release|Any CPU
		{4C8B45C4-66DE-4AE4-ACA9-6A34FE834847}.Release|Any CPU.Build.0 = Release|Any CPU
		{D3798E86-370B-4C79-AF04-B05B4118ABC9}.Debug|Any CPU.ActiveCfg = Debug|Any CPU
		{D3798E86-370B-4C79-AF04-B05B4118ABC9}.Debug|Any CPU.Build.0 = Debug|Any CPU
		{D3798E86-370B-4C79-AF04-B05B4118ABC9}.Release|Any CPU.ActiveCfg = Release|Any CPU
		{D3798E86-370B-4C79-AF04-B05B4118ABC9}.Release|Any CPU.Build.0 = Release|Any CPU
		{D8BD9C95-411F-4173-81C2-8F2040F19DFB}.Debug|Any CPU.ActiveCfg = Debug|Any CPU
		{D8BD9C95-411F-4173-81C2-8F2040F19DFB}.Debug|Any CPU.Build.0 = Debug|Any CPU
		{D8BD9C95-411F-4173-81C2-8F2040F19DFB}.Release|Any CPU.ActiveCfg = Release|Any CPU
		{D8BD9C95-411F-4173-81C2-8F2040F19DFB}.Release|Any CPU.Build.0 = Release|Any CPU
		{A8B51528-D42B-45A0-A76B-AF8BC87C1CC5}.Debug|Any CPU.ActiveCfg = Debug|Any CPU
		{A8B51528-D42B-45A0-A76B-AF8BC87C1CC5}.Debug|Any CPU.Build.0 = Debug|Any CPU
		{A8B51528-D42B-45A0-A76B-AF8BC87C1CC5}.Release|Any CPU.ActiveCfg = Release|Any CPU
		{A8B51528-D42B-45A0-A76B-AF8BC87C1CC5}.Release|Any CPU.Build.0 = Release|Any CPU
		{81B1979D-FC52-4CC2-A2A1-AD7FEEF2E880}.Debug|Any CPU.ActiveCfg = Debug|Any CPU
		{81B1979D-FC52-4CC2-A2A1-AD7FEEF2E880}.Debug|Any CPU.Build.0 = Debug|Any CPU
		{81B1979D-FC52-4CC2-A2A1-AD7FEEF2E880}.Release|Any CPU.ActiveCfg = Release|Any CPU
		{81B1979D-FC52-4CC2-A2A1-AD7FEEF2E880}.Release|Any CPU.Build.0 = Release|Any CPU
		{AD1BDEB9-2F81-4C11-847E-9EFE28E1CC24}.Debug|Any CPU.ActiveCfg = Debug|Any CPU
		{AD1BDEB9-2F81-4C11-847E-9EFE28E1CC24}.Debug|Any CPU.Build.0 = Debug|Any CPU
		{AD1BDEB9-2F81-4C11-847E-9EFE28E1CC24}.Release|Any CPU.ActiveCfg = Release|Any CPU
		{AD1BDEB9-2F81-4C11-847E-9EFE28E1CC24}.Release|Any CPU.Build.0 = Release|Any CPU
		{822DF797-86E6-4128-8577-B54C5E7028F8}.Debug|Any CPU.ActiveCfg = Debug|Any CPU
		{822DF797-86E6-4128-8577-B54C5E7028F8}.Debug|Any CPU.Build.0 = Debug|Any CPU
		{822DF797-86E6-4128-8577-B54C5E7028F8}.Release|Any CPU.ActiveCfg = Release|Any CPU
		{822DF797-86E6-4128-8577-B54C5E7028F8}.Release|Any CPU.Build.0 = Release|Any CPU
		{C0D5A7F4-BB09-461B-8D85-FEA1928577A9}.Debug|Any CPU.ActiveCfg = Debug|Any CPU
		{C0D5A7F4-BB09-461B-8D85-FEA1928577A9}.Debug|Any CPU.Build.0 = Debug|Any CPU
		{C0D5A7F4-BB09-461B-8D85-FEA1928577A9}.Release|Any CPU.ActiveCfg = Release|Any CPU
		{C0D5A7F4-BB09-461B-8D85-FEA1928577A9}.Release|Any CPU.Build.0 = Release|Any CPU
		{DD8F8497-93C9-474D-8118-B157029DD2CB}.Debug|Any CPU.ActiveCfg = Debug|Any CPU
		{DD8F8497-93C9-474D-8118-B157029DD2CB}.Debug|Any CPU.Build.0 = Debug|Any CPU
		{DD8F8497-93C9-474D-8118-B157029DD2CB}.Release|Any CPU.ActiveCfg = Release|Any CPU
		{DD8F8497-93C9-474D-8118-B157029DD2CB}.Release|Any CPU.Build.0 = Release|Any CPU
		{5B97AAC1-52C1-4522-8885-98AFA8AD276B}.Debug|Any CPU.ActiveCfg = Debug|Any CPU
		{5B97AAC1-52C1-4522-8885-98AFA8AD276B}.Debug|Any CPU.Build.0 = Debug|Any CPU
		{5B97AAC1-52C1-4522-8885-98AFA8AD276B}.Release|Any CPU.ActiveCfg = Release|Any CPU
		{5B97AAC1-52C1-4522-8885-98AFA8AD276B}.Release|Any CPU.Build.0 = Release|Any CPU
		{D21A2E00-CA42-4353-8775-47E4B61F632F}.Debug|Any CPU.ActiveCfg = Debug|Any CPU
		{D21A2E00-CA42-4353-8775-47E4B61F632F}.Debug|Any CPU.Build.0 = Debug|Any CPU
		{D21A2E00-CA42-4353-8775-47E4B61F632F}.Release|Any CPU.ActiveCfg = Release|Any CPU
		{D21A2E00-CA42-4353-8775-47E4B61F632F}.Release|Any CPU.Build.0 = Release|Any CPU
		{BE91220D-161F-4393-BD2A-0522A9FFCF65}.Debug|Any CPU.ActiveCfg = Debug|Any CPU
		{BE91220D-161F-4393-BD2A-0522A9FFCF65}.Debug|Any CPU.Build.0 = Debug|Any CPU
		{BE91220D-161F-4393-BD2A-0522A9FFCF65}.Release|Any CPU.ActiveCfg = Release|Any CPU
		{BE91220D-161F-4393-BD2A-0522A9FFCF65}.Release|Any CPU.Build.0 = Release|Any CPU
		{60051FD6-14C1-42AB-B060-E0B93BA6340F}.Debug|Any CPU.ActiveCfg = Debug|Any CPU
		{60051FD6-14C1-42AB-B060-E0B93BA6340F}.Debug|Any CPU.Build.0 = Debug|Any CPU
		{60051FD6-14C1-42AB-B060-E0B93BA6340F}.Release|Any CPU.ActiveCfg = Release|Any CPU
		{60051FD6-14C1-42AB-B060-E0B93BA6340F}.Release|Any CPU.Build.0 = Release|Any CPU
		{F98578DD-F794-4BBD-9A24-CD46421EA3F6}.Debug|Any CPU.ActiveCfg = Debug|Any CPU
		{F98578DD-F794-4BBD-9A24-CD46421EA3F6}.Debug|Any CPU.Build.0 = Debug|Any CPU
		{F98578DD-F794-4BBD-9A24-CD46421EA3F6}.Release|Any CPU.ActiveCfg = Release|Any CPU
		{F98578DD-F794-4BBD-9A24-CD46421EA3F6}.Release|Any CPU.Build.0 = Release|Any CPU
	EndGlobalSection
	GlobalSection(SolutionProperties) = preSolution
		HideSolutionNode = FALSE
	EndGlobalSection
	GlobalSection(NestedProjects) = preSolution
		{22C08309-DDE4-4DF3-94BA-3F83E9864466} = {429A18C2-3E4C-4676-A3A2-D9EACF12F003}
		{14EDF474-DA4B-4B2C-A69F-24BB303831BF} = {8A75B2DA-F18D-48F9-AC99-9B8330DE64B4}
		{990266ED-E198-4E40-93C0-C495F825E64B} = {65E642AC-9B9F-4148-BB58-13BFEBF9D53E}
		{4C8B45C4-66DE-4AE4-ACA9-6A34FE834847} = {8C121611-7C5D-40AC-B15D-22ABE75973A3}
		{D3798E86-370B-4C79-AF04-B05B4118ABC9} = {FDAE6FD8-DB85-44D6-9778-2164E1A6CD9F}
		{D8BD9C95-411F-4173-81C2-8F2040F19DFB} = {FDAE6FD8-DB85-44D6-9778-2164E1A6CD9F}
		{A8B51528-D42B-45A0-A76B-AF8BC87C1CC5} = {16F84688-0272-4985-B370-6C33C10C7B3F}
		{81B1979D-FC52-4CC2-A2A1-AD7FEEF2E880} = {2B728AC2-1D65-452B-8E78-8FBFCD15A140}
		{AD1BDEB9-2F81-4C11-847E-9EFE28E1CC24} = {2B728AC2-1D65-452B-8E78-8FBFCD15A140}
		{822DF797-86E6-4128-8577-B54C5E7028F8} = {90C8A62E-2591-4CDE-8164-3E296C23A6E3}
		{C0D5A7F4-BB09-461B-8D85-FEA1928577A9} = {D340D64A-C431-465F-B3D9-D4939CC543C6}
		{DD8F8497-93C9-474D-8118-B157029DD2CB} = {C528E363-B4AC-4985-B70C-D977B4176E21}
		{5B97AAC1-52C1-4522-8885-98AFA8AD276B} = {A9933CFA-9C50-42FB-948C-5CBCBAEF6D4B}
		{D21A2E00-CA42-4353-8775-47E4B61F632F} = {AC8A4624-4D25-4408-A4BF-BC3B97724091}
		{BE91220D-161F-4393-BD2A-0522A9FFCF65} = {81FD0ACC-20D4-4359-8C6B-321B65700CDE}
		{60051FD6-14C1-42AB-B060-E0B93BA6340F} = {81FD0ACC-20D4-4359-8C6B-321B65700CDE}
		{F98578DD-F794-4BBD-9A24-CD46421EA3F6} = {81FD0ACC-20D4-4359-8C6B-321B65700CDE}
	EndGlobalSection
	GlobalSection(ExtensibilityGlobals) = postSolution
		SolutionGuid = {79D9997F-AC73-461D-B7C6-651AF5CF47A5}
	EndGlobalSection
EndGlobal
